
Microsoft Visual Studio Solution File, Format Version 12.00
# Visual Studio Version 17
VisualStudioVersion = 17.7.34031.279
MinimumVisualStudioVersion = 10.0.40219.1
Project("{FAE04EC0-301F-11D3-BF4B-00C04F79EFBC}") = "CALIFICACION", "CALIFICACION\CALIFICACION.csproj", "{76BEFCB0-848D-4383-8BDD-D4AB4B25EF82}"
EndProject
Global
	GlobalSection(SolutionConfigurationPlatforms) = preSolution
		Debug|Any CPU = Debug|Any CPU
		Release|Any CPU = Release|Any CPU
	EndGlobalSection
	GlobalSection(ProjectConfigurationPlatforms) = postSolution
		{76BEFCB0-848D-4383-8BDD-D4AB4B25EF82}.Debug|Any CPU.ActiveCfg = Debug|Any CPU
		{76BEFCB0-848D-4383-8BDD-D4AB4B25EF82}.Debug|Any CPU.Build.0 = Debug|Any CPU
		{76BEFCB0-848D-4383-8BDD-D4AB4B25EF82}.Release|Any CPU.ActiveCfg = Release|Any CPU
		{76BEFCB0-848D-4383-8BDD-D4AB4B25EF82}.Release|Any CPU.Build.0 = Release|Any CPU
	EndGlobalSection
	GlobalSection(SolutionProperties) = preSolution
		HideSolutionNode = FALSE
	EndGlobalSection
	GlobalSection(ExtensibilityGlobals) = postSolution
		SolutionGuid = {8ADDF63A-78D4-4518-A317-A72C5BCDCBA6}
	EndGlobalSection
EndGlobal
